// !$*UTF8*$!
{
	archiveVersion = 1;
	classes = {
	};
	objectVersion = 50;
	objects = {

/* Begin PBXBuildFile section */
		826DFAD225BAA601001203D6 /* Swift_Speech_FeaturesApp.swift in Sources */ = {isa = PBXBuildFile; fileRef = 826DFAD125BAA601001203D6 /* Swift_Speech_FeaturesApp.swift */; };
		826DFAD425BAA601001203D6 /* ContentView.swift in Sources */ = {isa = PBXBuildFile; fileRef = 826DFAD325BAA601001203D6 /* ContentView.swift */; };
		826DFAD625BAA603001203D6 /* Assets.xcassets in Resources */ = {isa = PBXBuildFile; fileRef = 826DFAD525BAA603001203D6 /* Assets.xcassets */; };
		826DFAD925BAA603001203D6 /* Preview Assets.xcassets in Resources */ = {isa = PBXBuildFile; fileRef = 826DFAD825BAA603001203D6 /* Preview Assets.xcassets */; };
		827CF62C25D515ED00BA3D74 /* SwiftSpeechFeatures.swift in Sources */ = {isa = PBXBuildFile; fileRef = 827CF62B25D515ED00BA3D74 /* SwiftSpeechFeatures.swift */; };
		827CF63025D55BB500BA3D74 /* FastFourierTransform.swift in Sources */ = {isa = PBXBuildFile; fileRef = 827CF62F25D55BB500BA3D74 /* FastFourierTransform.swift */; };
/* End PBXBuildFile section */

/* Begin PBXFileReference section */
		826DFACE25BAA601001203D6 /* Swift_Speech_Features.app */ = {isa = PBXFileReference; explicitFileType = wrapper.application; includeInIndex = 0; path = Swift_Speech_Features.app; sourceTree = BUILT_PRODUCTS_DIR; };
		826DFAD125BAA601001203D6 /* Swift_Speech_FeaturesApp.swift */ = {isa = PBXFileReference; lastKnownFileType = sourcecode.swift; path = Swift_Speech_FeaturesApp.swift; sourceTree = "<group>"; };
		826DFAD325BAA601001203D6 /* ContentView.swift */ = {isa = PBXFileReference; lastKnownFileType = sourcecode.swift; path = ContentView.swift; sourceTree = "<group>"; };
		826DFAD525BAA603001203D6 /* Assets.xcassets */ = {isa = PBXFileReference; lastKnownFileType = folder.assetcatalog; path = Assets.xcassets; sourceTree = "<group>"; };
		826DFAD825BAA603001203D6 /* Preview Assets.xcassets */ = {isa = PBXFileReference; lastKnownFileType = folder.assetcatalog; path = "Preview Assets.xcassets"; sourceTree = "<group>"; };
		826DFADA25BAA603001203D6 /* Info.plist */ = {isa = PBXFileReference; lastKnownFileType = text.plist.xml; path = Info.plist; sourceTree = "<group>"; };
		827CF62B25D515ED00BA3D74 /* SwiftSpeechFeatures.swift */ = {isa = PBXFileReference; lastKnownFileType = sourcecode.swift; path = SwiftSpeechFeatures.swift; sourceTree = "<group>"; };
		827CF62F25D55BB500BA3D74 /* FastFourierTransform.swift */ = {isa = PBXFileReference; lastKnownFileType = sourcecode.swift; path = FastFourierTransform.swift; sourceTree = "<group>"; };
/* End PBXFileReference section */

/* Begin PBXFrameworksBuildPhase section */
		826DFACB25BAA601001203D6 /* Frameworks */ = {
			isa = PBXFrameworksBuildPhase;
			buildActionMask = 2147483647;
			files = (
			);
			runOnlyForDeploymentPostprocessing = 0;
		};
/* End PBXFrameworksBuildPhase section */

/* Begin PBXGroup section */
		826DFAC525BAA601001203D6 = {
			isa = PBXGroup;
			children = (
				826DFAD025BAA601001203D6 /* Swift_Speech_Features */,
				826DFACF25BAA601001203D6 /* Products */,
			);
			sourceTree = "<group>";
		};
		826DFACF25BAA601001203D6 /* Products */ = {
			isa = PBXGroup;
			children = (
				826DFACE25BAA601001203D6 /* Swift_Speech_Features.app */,
			);
			name = Products;
			sourceTree = "<group>";
		};
		826DFAD025BAA601001203D6 /* Swift_Speech_Features */ = {
			isa = PBXGroup;
			children = (
				826DFAD125BAA601001203D6 /* Swift_Speech_FeaturesApp.swift */,
				826DFAD325BAA601001203D6 /* ContentView.swift */,
				826DFAD525BAA603001203D6 /* Assets.xcassets */,
				826DFADA25BAA603001203D6 /* Info.plist */,
				826DFAD725BAA603001203D6 /* Preview Content */,
				827CF62B25D515ED00BA3D74 /* SwiftSpeechFeatures.swift */,
				827CF62F25D55BB500BA3D74 /* FastFourierTransform.swift */,
			);
			path = Swift_Speech_Features;
			sourceTree = "<group>";
		};
		826DFAD725BAA603001203D6 /* Preview Content */ = {
			isa = PBXGroup;
			children = (
				826DFAD825BAA603001203D6 /* Preview Assets.xcassets */,
			);
			path = "Preview Content";
			sourceTree = "<group>";
		};
/* End PBXGroup section */

/* Begin PBXNativeTarget section */
		826DFACD25BAA601001203D6 /* Swift_Speech_Features */ = {
			isa = PBXNativeTarget;
			buildConfigurationList = 826DFADD25BAA603001203D6 /* Build configuration list for PBXNativeTarget "Swift_Speech_Features" */;
			buildPhases = (
				826DFACA25BAA601001203D6 /* Sources */,
				826DFACB25BAA601001203D6 /* Frameworks */,
				826DFACC25BAA601001203D6 /* Resources */,
			);
			buildRules = (
			);
			dependencies = (
			);
			name = Swift_Speech_Features;
			productName = Swift_Speech_Features;
			productReference = 826DFACE25BAA601001203D6 /* Swift_Speech_Features.app */;
			productType = "com.apple.product-type.application";
		};
/* End PBXNativeTarget section */

/* Begin PBXProject section */
		826DFAC625BAA601001203D6 /* Project object */ = {
			isa = PBXProject;
			attributes = {
				LastSwiftUpdateCheck = 1230;
				LastUpgradeCheck = 1230;
				TargetAttributes = {
					826DFACD25BAA601001203D6 = {
						CreatedOnToolsVersion = 12.3;
					};
				};
			};
			buildConfigurationList = 826DFAC925BAA601001203D6 /* Build configuration list for PBXProject "Swift_Speech_Features" */;
			compatibilityVersion = "Xcode 9.3";
			developmentRegion = en;
			hasScannedForEncodings = 0;
			knownRegions = (
				en,
				Base,
			);
			mainGroup = 826DFAC525BAA601001203D6;
			productRefGroup = 826DFACF25BAA601001203D6 /* Products */;
			projectDirPath = "";
			projectRoot = "";
			targets = (
				826DFACD25BAA601001203D6 /* Swift_Speech_Features */,
			);
		};
/* End PBXProject section */

/* Begin PBXResourcesBuildPhase section */
		826DFACC25BAA601001203D6 /* Resources */ = {
			isa = PBXResourcesBuildPhase;
			buildActionMask = 2147483647;
			files = (
				826DFAD925BAA603001203D6 /* Preview Assets.xcassets in Resources */,
				826DFAD625BAA603001203D6 /* Assets.xcassets in Resources */,
			);
			runOnlyForDeploymentPostprocessing = 0;
		};
/* End PBXResourcesBuildPhase section */

/* Begin PBXSourcesBuildPhase section */
		826DFACA25BAA601001203D6 /* Sources */ = {
			isa = PBXSourcesBuildPhase;
			buildActionMask = 2147483647;
			files = (
				827CF63025D55BB500BA3D74 /* FastFourierTransform.swift in Sources */,
				827CF62C25D515ED00BA3D74 /* SwiftSpeechFeatures.swift in Sources */,
				826DFAD425BAA601001203D6 /* ContentView.swift in Sources */,
				826DFAD225BAA601001203D6 /* Swift_Speech_FeaturesApp.swift in Sources */,
			);
			runOnlyForDeploymentPostprocessing = 0;
		};
/* End PBXSourcesBuildPhase section */

/* Begin XCBuildConfiguration section */
		826DFADB25BAA603001203D6 /* Debug */ = {
			isa = XCBuildConfiguration;
			buildSettings = {
				ALWAYS_SEARCH_USER_PATHS = NO;
				CLANG_ANALYZER_NONNULL = YES;
				CLANG_ANALYZER_NUMBER_OBJECT_CONVERSION = YES_AGGRESSIVE;
				CLANG_CXX_LANGUAGE_STANDARD = "gnu++14";
				CLANG_CXX_LIBRARY = "libc++";
				CLANG_ENABLE_MODULES = YES;
				CLANG_ENABLE_OBJC_ARC = YES;
				CLANG_ENABLE_OBJC_WEAK = YES;
				CLANG_WARN_BLOCK_CAPTURE_AUTORELEASING = YES;
				CLANG_WARN_BOOL_CONVERSION = YES;
				CLANG_WARN_COMMA = YES;
				CLANG_WARN_CONSTANT_CONVERSION = YES;
				CLANG_WARN_DEPRECATED_OBJC_IMPLEMENTATIONS = YES;
				CLANG_WARN_DIRECT_OBJC_ISA_USAGE = YES_ERROR;
				CLANG_WARN_DOCUMENTATION_COMMENTS = YES;
				CLANG_WARN_EMPTY_BODY = YES;
				CLANG_WARN_ENUM_CONVERSION = YES;
				CLANG_WARN_INFINITE_RECURSION = YES;
				CLANG_WARN_INT_CONVERSION = YES;
				CLANG_WARN_NON_LITERAL_NULL_CONVERSION = YES;
				CLANG_WARN_OBJC_IMPLICIT_RETAIN_SELF = YES;
				CLANG_WARN_OBJC_LITERAL_CONVERSION = YES;
				CLANG_WARN_OBJC_ROOT_CLASS = YES_ERROR;
				CLANG_WARN_QUOTED_INCLUDE_IN_FRAMEWORK_HEADER = YES;
				CLANG_WARN_RANGE_LOOP_ANALYSIS = YES;
				CLANG_WARN_STRICT_PROTOTYPES = YES;
				CLANG_WARN_SUSPICIOUS_MOVE = YES;
				CLANG_WARN_UNGUARDED_AVAILABILITY = YES_AGGRESSIVE;
				CLANG_WARN_UNREACHABLE_CODE = YES;
				CLANG_WARN__DUPLICATE_METHOD_MATCH = YES;
				COPY_PHASE_STRIP = NO;
				DEBUG_INFORMATION_FORMAT = dwarf;
				ENABLE_STRICT_OBJC_MSGSEND = YES;
				ENABLE_TESTABILITY = YES;
				GCC_C_LANGUAGE_STANDARD = gnu11;
				GCC_DYNAMIC_NO_PIC = NO;
				GCC_NO_COMMON_BLOCKS = YES;
				GCC_OPTIMIZATION_LEVEL = 0;
				GCC_PREPROCESSOR_DEFINITIONS = (
					"DEBUG=1",
					"$(inherited)",
				);
				GCC_WARN_64_TO_32_BIT_CONVERSION = YES;
				GCC_WARN_ABOUT_RETURN_TYPE = YES_ERROR;
				GCC_WARN_UNDECLARED_SELECTOR = YES;
				GCC_WARN_UNINITIALIZED_AUTOS = YES_AGGRESSIVE;
				GCC_WARN_UNUSED_FUNCTION = YES;
				GCC_WARN_UNUSED_VARIABLE = YES;
				IPHONEOS_DEPLOYMENT_TARGET = 14.3;
				MTL_ENABLE_DEBUG_INFO = INCLUDE_SOURCE;
				MTL_FAST_MATH = YES;
				ONLY_ACTIVE_ARCH = YES;
				SDKROOT = iphoneos;
				SWIFT_ACTIVE_COMPILATION_CONDITIONS = DEBUG;
				SWIFT_OPTIMIZATION_LEVEL = "-Onone";
			};
			name = Debug;
		};
		826DFADC25BAA603001203D6 /* Release */ = {
			isa = XCBuildConfiguration;
			buildSettings = {
				ALWAYS_SEARCH_USER_PATHS = NO;
				CLANG_ANALYZER_NONNULL = YES;
				CLANG_ANALYZER_NUMBER_OBJECT_CONVERSION = YES_AGGRESSIVE;
				CLANG_CXX_LANGUAGE_STANDARD = "gnu++14";
				CLANG_CXX_LIBRARY = "libc++";
				CLANG_ENABLE_MODULES = YES;
				CLANG_ENABLE_OBJC_ARC = YES;
				CLANG_ENABLE_OBJC_WEAK = YES;
				CLANG_WARN_BLOCK_CAPTURE_AUTORELEASING = YES;
				CLANG_WARN_BOOL_CONVERSION = YES;
				CLANG_WARN_COMMA = YES;
				CLANG_WARN_CONSTANT_CONVERSION = YES;
				CLANG_WARN_DEPRECATED_OBJC_IMPLEMENTATIONS = YES;
				CLANG_WARN_DIRECT_OBJC_ISA_USAGE = YES_ERROR;
				CLANG_WARN_DOCUMENTATION_COMMENTS = YES;
				CLANG_WARN_EMPTY_BODY = YES;
				CLANG_WARN_ENUM_CONVERSION = YES;
				CLANG_WARN_INFINITE_RECURSION = YES;
				CLANG_WARN_INT_CONVERSION = YES;
				CLANG_WARN_NON_LITERAL_NULL_CONVERSION = YES;
				CLANG_WARN_OBJC_IMPLICIT_RETAIN_SELF = YES;
				CLANG_WARN_OBJC_LITERAL_CONVERSION = YES;
				CLANG_WARN_OBJC_ROOT_CLASS = YES_ERROR;
				CLANG_WARN_QUOTED_INCLUDE_IN_FRAMEWORK_HEADER = YES;
				CLANG_WARN_RANGE_LOOP_ANALYSIS = YES;
				CLANG_WARN_STRICT_PROTOTYPES = YES;
				CLANG_WARN_SUSPICIOUS_MOVE = YES;
				CLANG_WARN_UNGUARDED_AVAILABILITY = YES_AGGRESSIVE;
				CLANG_WARN_UNREACHABLE_CODE = YES;
				CLANG_WARN__DUPLICATE_METHOD_MATCH = YES;
				COPY_PHASE_STRIP = NO;
				DEBUG_INFORMATION_FORMAT = "dwarf-with-dsym";
				ENABLE_NS_ASSERTIONS = NO;
				ENABLE_STRICT_OBJC_MSGSEND = YES;
				GCC_C_LANGUAGE_STANDARD = gnu11;
				GCC_NO_COMMON_BLOCKS = YES;
				GCC_WARN_64_TO_32_BIT_CONVERSION = YES;
				GCC_WARN_ABOUT_RETURN_TYPE = YES_ERROR;
				GCC_WARN_UNDECLARED_SELECTOR = YES;
				GCC_WARN_UNINITIALIZED_AUTOS = YES_AGGRESSIVE;
				GCC_WARN_UNUSED_FUNCTION = YES;
				GCC_WARN_UNUSED_VARIABLE = YES;
				IPHONEOS_DEPLOYMENT_TARGET = 14.3;
				MTL_ENABLE_DEBUG_INFO = NO;
				MTL_FAST_MATH = YES;
				SDKROOT = iphoneos;
				SWIFT_COMPILATION_MODE = wholemodule;
				SWIFT_OPTIMIZATION_LEVEL = "-O";
				VALIDATE_PRODUCT = YES;
			};
			name = Release;
		};
		826DFADE25BAA603001203D6 /* Debug */ = {
			isa = XCBuildConfiguration;
			buildSettings = {
				ASSETCATALOG_COMPILER_APPICON_NAME = AppIcon;
				ASSETCATALOG_COMPILER_GLOBAL_ACCENT_COLOR_NAME = AccentColor;
				CODE_SIGN_STYLE = Automatic;
				DEVELOPMENT_ASSET_PATHS = "\"Swift_Speech_Features/Preview Content\"";
				DEVELOPMENT_TEAM = 8449L7PKDP;
				ENABLE_PREVIEWS = YES;
				GCC_OPTIMIZATION_LEVEL = 0;
				INFOPLIST_FILE = Swift_Speech_Features/Info.plist;
				IPHONEOS_DEPLOYMENT_TARGET = 14.0;
				LD_RUNPATH_SEARCH_PATHS = (
					"$(inherited)",
					"@executable_path/Frameworks",
				);
				PRODUCT_BUNDLE_IDENTIFIER = "ibtihaj.Swift-Speech-Features";
				PRODUCT_NAME = "$(TARGET_NAME)";
				SWIFT_OPTIMIZATION_LEVEL = "-O";
				SWIFT_VERSION = 5.0;
				TARGETED_DEVICE_FAMILY = "1,2";
			};
			name = Debug;
		};
		826DFADF25BAA603001203D6 /* Release */ = {
			isa = XCBuildConfiguration;
			buildSettings = {
				ASSETCATALOG_COMPILER_APPICON_NAME = AppIcon;
				ASSETCATALOG_COMPILER_GLOBAL_ACCENT_COLOR_NAME = AccentColor;
				CODE_SIGN_STYLE = Automatic;
				DEVELOPMENT_ASSET_PATHS = "\"Swift_Speech_Features/Preview Content\"";
				DEVELOPMENT_TEAM = 8449L7PKDP;
				ENABLE_PREVIEWS = YES;
				GCC_OPTIMIZATION_LEVEL = 0;
				INFOPLIST_FILE = Swift_Speech_Features/Info.plist;
				IPHONEOS_DEPLOYMENT_TARGET = 14.0;
				LD_RUNPATH_SEARCH_PATHS = (
					"$(inherited)",
					"@executable_path/Frameworks",
				);
				PRODUCT_BUNDLE_IDENTIFIER = "ibtihaj.Swift-Speech-Features";
				PRODUCT_NAME = "$(TARGET_NAME)";
				SWIFT_OPTIMIZATION_LEVEL = "-O";
				SWIFT_VERSION = 5.0;
				TARGETED_DEVICE_FAMILY = "1,2";
			};
			name = Release;
		};
/* End XCBuildConfiguration section */

/* Begin XCConfigurationList section */
		826DFAC925BAA601001203D6 /* Build configuration list for PBXProject "Swift_Speech_Features" */ = {
			isa = XCConfigurationList;
			buildConfigurations = (
				826DFADB25BAA603001203D6 /* Debug */,
				826DFADC25BAA603001203D6 /* Release */,
			);
			defaultConfigurationIsVisible = 0;
			defaultConfigurationName = Release;
		};
		826DFADD25BAA603001203D6 /* Build configuration list for PBXNativeTarget "Swift_Speech_Features" */ = {
			isa = XCConfigurationList;
			buildConfigurations = (
				826DFADE25BAA603001203D6 /* Debug */,
				826DFADF25BAA603001203D6 /* Release */,
			);
			defaultConfigurationIsVisible = 0;
			defaultConfigurationName = Release;
		};
/* End XCConfigurationList section */
	};
	rootObject = 826DFAC625BAA601001203D6 /* Project object */;
}
